
Microsoft Visual Studio Solution File, Format Version 12.00
# Visual Studio Version 16
VisualStudioVersion = 16.0.30804.86
MinimumVisualStudioVersion = 10.0.40219.1
Project("{8BC9CEB8-8B4A-11D0-8D11-00A0C91BC942}") = "AnalogClock", "AnalogClock\AnalogClock.vcxproj", "{037A368E-453E-402B-BAF0-9B89B0B923AF}"
EndProject
Global
	GlobalSection(SolutionConfigurationPlatforms) = preSolution
		Debug|x64 = Debug|x64
		Debug|x86 = Debug|x86
		Release|x64 = Release|x64
		Release|x86 = Release|x86
	EndGlobalSection
	GlobalSection(ProjectConfigurationPlatforms) = postSolution
		{037A368E-453E-402B-BAF0-9B89B0B923AF}.Debug|x64.ActiveCfg = Debug|x64
		{037A368E-453E-402B-BAF0-9B89B0B923AF}.Debug|x64.Build.0 = Debug|x64
		{037A368E-453E-402B-BAF0-9B89B0B923AF}.Debug|x86.ActiveCfg = Debug|Win32
		{037A368E-453E-402B-BAF0-9B89B0B923AF}.Debug|x86.Build.0 = Debug|Win32
		{037A368E-453E-402B-BAF0-9B89B0B923AF}.Release|x64.ActiveCfg = Release|x64
		{037A368E-453E-402B-BAF0-9B89B0B923AF}.Release|x64.Build.0 = Release|x64
		{037A368E-453E-402B-BAF0-9B89B0B923AF}.Release|x86.ActiveCfg = Release|Win32
		{037A368E-453E-402B-BAF0-9B89B0B923AF}.Release|x86.Build.0 = Release|Win32
	EndGlobalSection
	GlobalSection(SolutionProperties) = preSolution
		HideSolutionNode = FALSE
	EndGlobalSection
	GlobalSection(ExtensibilityGlobals) = postSolution
		SolutionGuid = {66B5BF35-6AC8-4DBE-8F2B-075A00B83033}
	EndGlobalSection
EndGlobal
